
Microsoft Visual Studio Solution File, Format Version 12.00
# Visual Studio 2012
Project("{9092AA53-FB77-4645-B42D-1CCCA6BD08BD}") = "Piedza", "Piedza.njsproj", "{B369796A-B2D1-489B-81DB-529727AF5322}"
EndProject
Global
	GlobalSection(SolutionConfigurationPlatforms) = preSolution
		Debug|Any CPU = Debug|Any CPU
		Release|Any CPU = Release|Any CPU
	EndGlobalSection
	GlobalSection(ProjectConfigurationPlatforms) = postSolution
		{B369796A-B2D1-489B-81DB-529727AF5322}.Debug|Any CPU.ActiveCfg = Debug|Any CPU
		{B369796A-B2D1-489B-81DB-529727AF5322}.Debug|Any CPU.Build.0 = Debug|Any CPU
		{B369796A-B2D1-489B-81DB-529727AF5322}.Release|Any CPU.ActiveCfg = Release|Any CPU
		{B369796A-B2D1-489B-81DB-529727AF5322}.Release|Any CPU.Build.0 = Release|Any CPU
	EndGlobalSection
	GlobalSection(SolutionProperties) = preSolution
		HideSolutionNode = FALSE
	EndGlobalSection
EndGlobal
